
Microsoft Visual Studio Solution File, Format Version 12.00
# Visual Studio Version 16
VisualStudioVersion = 16.0.29613.14
MinimumVisualStudioVersion = 10.0.40219.1
Project("{FAE04EC0-301F-11D3-BF4B-00C04F79EFBC}") = "Lab4", "Lab4\Lab4.csproj", "{5491E03B-D053-4317-B415-6187DA3CC3F3}"
EndProject
Global
	GlobalSection(SolutionConfigurationPlatforms) = preSolution
		Debug|Any CPU = Debug|Any CPU
		Release|Any CPU = Release|Any CPU
	EndGlobalSection
	GlobalSection(ProjectConfigurationPlatforms) = postSolution
		{5491E03B-D053-4317-B415-6187DA3CC3F3}.Debug|Any CPU.ActiveCfg = Debug|Any CPU
		{5491E03B-D053-4317-B415-6187DA3CC3F3}.Debug|Any CPU.Build.0 = Debug|Any CPU
		{5491E03B-D053-4317-B415-6187DA3CC3F3}.Release|Any CPU.ActiveCfg = Release|Any CPU
		{5491E03B-D053-4317-B415-6187DA3CC3F3}.Release|Any CPU.Build.0 = Release|Any CPU
	EndGlobalSection
	GlobalSection(SolutionProperties) = preSolution
		HideSolutionNode = FALSE
	EndGlobalSection
	GlobalSection(ExtensibilityGlobals) = postSolution
		SolutionGuid = {39FE5C1F-3631-4DFC-84D5-73402B2CC088}
	EndGlobalSection
EndGlobal
